
Microsoft Visual Studio Solution File, Format Version 12.00
# Visual Studio 15
VisualStudioVersion = 15.0.27130.2024
MinimumVisualStudioVersion = 10.0.40219.1
Project("{9A19103F-16F7-4668-BE54-9A1E7A4F7556}") = "PVT.Money.Shell.Web", "PVT.Money.Shell.Web\PVT.Money.Shell.Web.csproj", "{10C4725C-6B16-479A-8DF8-3BE21375E0FC}"
EndProject
Project("{9A19103F-16F7-4668-BE54-9A1E7A4F7556}") = "PVT.Money.Business", "PVT.Money.Business\PVT.Money.Business.csproj", "{AA2967CF-6348-47AF-9600-0FE3B68F3DF8}"
EndProject
Project("{9A19103F-16F7-4668-BE54-9A1E7A4F7556}") = "PVT.Money.Business.Tests", "PVT.Money.Business.Tests\PVT.Money.Business.Tests.csproj", "{045626DC-60C9-43D1-84F2-35AD134FC95F}"
EndProject
Project("{FAE04EC0-301F-11D3-BF4B-00C04F79EFBC}") = "PVT.Money.Data", "PVT.Money.Data\PVT.Money.Data.csproj", "{287DB5EF-C2C0-4ADD-8F46-FC9C996E4919}"
EndProject
Project("{9A19103F-16F7-4668-BE54-9A1E7A4F7556}") = "PVT.Money.Data.Tests", "PVT.Money.Data.Tests\PVT.Money.Data.Tests.csproj", "{8CD2CB15-91B1-4B34-9E24-BD39A5C6B169}"
EndProject
Project("{9A19103F-16F7-4668-BE54-9A1E7A4F7556}") = "PVT.Money.Shell.Web.Tests", "PVT.Money.Shell.Web.Tests\PVT.Money.Shell.Web.Tests.csproj", "{23C3F7F6-D178-4D3A-ACCB-79BBCB091289}"
EndProject
Global
	GlobalSection(SolutionConfigurationPlatforms) = preSolution
		Debug|Any CPU = Debug|Any CPU
		Release|Any CPU = Release|Any CPU
	EndGlobalSection
	GlobalSection(ProjectConfigurationPlatforms) = postSolution
		{10C4725C-6B16-479A-8DF8-3BE21375E0FC}.Debug|Any CPU.ActiveCfg = Debug|Any CPU
		{10C4725C-6B16-479A-8DF8-3BE21375E0FC}.Debug|Any CPU.Build.0 = Debug|Any CPU
		{10C4725C-6B16-479A-8DF8-3BE21375E0FC}.Release|Any CPU.ActiveCfg = Release|Any CPU
		{10C4725C-6B16-479A-8DF8-3BE21375E0FC}.Release|Any CPU.Build.0 = Release|Any CPU
		{AA2967CF-6348-47AF-9600-0FE3B68F3DF8}.Debug|Any CPU.ActiveCfg = Debug|Any CPU
		{AA2967CF-6348-47AF-9600-0FE3B68F3DF8}.Debug|Any CPU.Build.0 = Debug|Any CPU
		{AA2967CF-6348-47AF-9600-0FE3B68F3DF8}.Release|Any CPU.ActiveCfg = Release|Any CPU
		{AA2967CF-6348-47AF-9600-0FE3B68F3DF8}.Release|Any CPU.Build.0 = Release|Any CPU
		{045626DC-60C9-43D1-84F2-35AD134FC95F}.Debug|Any CPU.ActiveCfg = Debug|Any CPU
		{045626DC-60C9-43D1-84F2-35AD134FC95F}.Debug|Any CPU.Build.0 = Debug|Any CPU
		{045626DC-60C9-43D1-84F2-35AD134FC95F}.Release|Any CPU.ActiveCfg = Release|Any CPU
		{045626DC-60C9-43D1-84F2-35AD134FC95F}.Release|Any CPU.Build.0 = Release|Any CPU
		{287DB5EF-C2C0-4ADD-8F46-FC9C996E4919}.Debug|Any CPU.ActiveCfg = Debug|Any CPU
		{287DB5EF-C2C0-4ADD-8F46-FC9C996E4919}.Debug|Any CPU.Build.0 = Debug|Any CPU
		{287DB5EF-C2C0-4ADD-8F46-FC9C996E4919}.Release|Any CPU.ActiveCfg = Release|Any CPU
		{287DB5EF-C2C0-4ADD-8F46-FC9C996E4919}.Release|Any CPU.Build.0 = Release|Any CPU
		{8CD2CB15-91B1-4B34-9E24-BD39A5C6B169}.Debug|Any CPU.ActiveCfg = Debug|Any CPU
		{8CD2CB15-91B1-4B34-9E24-BD39A5C6B169}.Debug|Any CPU.Build.0 = Debug|Any CPU
		{8CD2CB15-91B1-4B34-9E24-BD39A5C6B169}.Release|Any CPU.ActiveCfg = Release|Any CPU
		{8CD2CB15-91B1-4B34-9E24-BD39A5C6B169}.Release|Any CPU.Build.0 = Release|Any CPU
		{23C3F7F6-D178-4D3A-ACCB-79BBCB091289}.Debug|Any CPU.ActiveCfg = Debug|Any CPU
		{23C3F7F6-D178-4D3A-ACCB-79BBCB091289}.Debug|Any CPU.Build.0 = Debug|Any CPU
		{23C3F7F6-D178-4D3A-ACCB-79BBCB091289}.Release|Any CPU.ActiveCfg = Release|Any CPU
		{23C3F7F6-D178-4D3A-ACCB-79BBCB091289}.Release|Any CPU.Build.0 = Release|Any CPU
	EndGlobalSection
	GlobalSection(SolutionProperties) = preSolution
		HideSolutionNode = FALSE
	EndGlobalSection
	GlobalSection(ExtensibilityGlobals) = postSolution
		SolutionGuid = {5EB96129-A826-4585-8F43-A699429D8ACE}
	EndGlobalSection
EndGlobal
